
Microsoft Visual Studio Solution File, Format Version 12.00
# Visual Studio Version 17
VisualStudioVersion = 17.5.002.0
MinimumVisualStudioVersion = 10.0.40219.1
Project("{2150E333-8FDC-42A3-9474-1A3956D46DE8}") = "backend", "backend", "{C4BE7A3A-5F69-43FB-8307-EAA77F9F5748}"
EndProject
Project("{9A19103F-16F7-4668-BE54-9A1E7A4F7556}") = "AuthenticationService", "backend\AuthenticationService\AuthenticationService.csproj", "{C31ADF3F-A35C-4FB9-A751-2EBF75EA0EA8}"
EndProject
Project("{9A19103F-16F7-4668-BE54-9A1E7A4F7556}") = "NotificationService", "backend\NotificationService\NotificationService.csproj", "{D8DE90EC-A913-44F7-BCE9-C7C22FED073A}"
EndProject
Project("{9A19103F-16F7-4668-BE54-9A1E7A4F7556}") = "PasswordStorageService", "backend\PasswordStorageService\PasswordStorageService.csproj", "{3205E82E-3B7D-41E1-85C7-5823F9393B49}"
EndProject
Project("{9A19103F-16F7-4668-BE54-9A1E7A4F7556}") = "UserManagementService", "backend\UserManagementService\UserManagementService.csproj", "{381AD0D4-D226-4E6E-BCF1-68B137C69C62}"
EndProject
Project("{2150E333-8FDC-42A3-9474-1A3956D46DE8}") = "frontend", "frontend", "{734B2E53-C0E5-4BF5-AAD5-362ADF4F9941}"
EndProject
Project("{9A19103F-16F7-4668-BE54-9A1E7A4F7556}") = "PasswordManagerApp", "frontend\PasswordManagerApp\PasswordManagerApp.csproj", "{D59AC260-A608-4B9C-9394-31A4C3EAC0E3}"
EndProject
Global
	GlobalSection(SolutionConfigurationPlatforms) = preSolution
		Debug|Any CPU = Debug|Any CPU
		Release|Any CPU = Release|Any CPU
	EndGlobalSection
	GlobalSection(ProjectConfigurationPlatforms) = postSolution
		{C31ADF3F-A35C-4FB9-A751-2EBF75EA0EA8}.Debug|Any CPU.ActiveCfg = Debug|Any CPU
		{C31ADF3F-A35C-4FB9-A751-2EBF75EA0EA8}.Debug|Any CPU.Build.0 = Debug|Any CPU
		{C31ADF3F-A35C-4FB9-A751-2EBF75EA0EA8}.Release|Any CPU.ActiveCfg = Release|Any CPU
		{C31ADF3F-A35C-4FB9-A751-2EBF75EA0EA8}.Release|Any CPU.Build.0 = Release|Any CPU
		{D8DE90EC-A913-44F7-BCE9-C7C22FED073A}.Debug|Any CPU.ActiveCfg = Debug|Any CPU
		{D8DE90EC-A913-44F7-BCE9-C7C22FED073A}.Debug|Any CPU.Build.0 = Debug|Any CPU
		{D8DE90EC-A913-44F7-BCE9-C7C22FED073A}.Release|Any CPU.ActiveCfg = Release|Any CPU
		{D8DE90EC-A913-44F7-BCE9-C7C22FED073A}.Release|Any CPU.Build.0 = Release|Any CPU
		{3205E82E-3B7D-41E1-85C7-5823F9393B49}.Debug|Any CPU.ActiveCfg = Debug|Any CPU
		{3205E82E-3B7D-41E1-85C7-5823F9393B49}.Debug|Any CPU.Build.0 = Debug|Any CPU
		{3205E82E-3B7D-41E1-85C7-5823F9393B49}.Release|Any CPU.ActiveCfg = Release|Any CPU
		{3205E82E-3B7D-41E1-85C7-5823F9393B49}.Release|Any CPU.Build.0 = Release|Any CPU
		{381AD0D4-D226-4E6E-BCF1-68B137C69C62}.Debug|Any CPU.ActiveCfg = Debug|Any CPU
		{381AD0D4-D226-4E6E-BCF1-68B137C69C62}.Debug|Any CPU.Build.0 = Debug|Any CPU
		{381AD0D4-D226-4E6E-BCF1-68B137C69C62}.Release|Any CPU.ActiveCfg = Release|Any CPU
		{381AD0D4-D226-4E6E-BCF1-68B137C69C62}.Release|Any CPU.Build.0 = Release|Any CPU
		{D59AC260-A608-4B9C-9394-31A4C3EAC0E3}.Debug|Any CPU.ActiveCfg = Debug|Any CPU
		{D59AC260-A608-4B9C-9394-31A4C3EAC0E3}.Debug|Any CPU.Build.0 = Debug|Any CPU
		{D59AC260-A608-4B9C-9394-31A4C3EAC0E3}.Release|Any CPU.ActiveCfg = Release|Any CPU
		{D59AC260-A608-4B9C-9394-31A4C3EAC0E3}.Release|Any CPU.Build.0 = Release|Any CPU
	EndGlobalSection
	GlobalSection(SolutionProperties) = preSolution
		HideSolutionNode = FALSE
	EndGlobalSection
	GlobalSection(NestedProjects) = preSolution
		{C31ADF3F-A35C-4FB9-A751-2EBF75EA0EA8} = {C4BE7A3A-5F69-43FB-8307-EAA77F9F5748}
		{D8DE90EC-A913-44F7-BCE9-C7C22FED073A} = {C4BE7A3A-5F69-43FB-8307-EAA77F9F5748}
		{3205E82E-3B7D-41E1-85C7-5823F9393B49} = {C4BE7A3A-5F69-43FB-8307-EAA77F9F5748}
		{381AD0D4-D226-4E6E-BCF1-68B137C69C62} = {C4BE7A3A-5F69-43FB-8307-EAA77F9F5748}
		{D59AC260-A608-4B9C-9394-31A4C3EAC0E3} = {734B2E53-C0E5-4BF5-AAD5-362ADF4F9941}
	EndGlobalSection
	GlobalSection(ExtensibilityGlobals) = postSolution
		SolutionGuid = {FDE769F1-CC5F-47A5-BC8B-8B502D323CAE}
	EndGlobalSection
EndGlobal
