
Microsoft Visual Studio Solution File, Format Version 12.00
# Visual Studio Version 17
VisualStudioVersion = 17.5.002.0
MinimumVisualStudioVersion = 10.0.40219.1
Project("{2150E333-8FDC-42A3-9474-1A3956D46DE8}") = "backend", "backend", "{01072793-C64C-478B-98CA-E696FC774151}"
EndProject
Project("{9A19103F-16F7-4668-BE54-9A1E7A4F7556}") = "AuthenticationService", "backend\AuthenticationService\AuthenticationService.csproj", "{314524A1-C7DD-46AA-852B-190A8129851A}"
EndProject
Project("{9A19103F-16F7-4668-BE54-9A1E7A4F7556}") = "NotificationService", "backend\NotificationService\NotificationService.csproj", "{BFF340E7-410B-4AC8-8521-E4BB36B81E37}"
EndProject
Project("{9A19103F-16F7-4668-BE54-9A1E7A4F7556}") = "PasswordStorageService", "backend\PasswordStorageService\PasswordStorageService.csproj", "{6841C8DB-BC6C-4994-A698-816004724952}"
EndProject
Project("{9A19103F-16F7-4668-BE54-9A1E7A4F7556}") = "UserManagementService", "backend\UserManagementService\UserManagementService.csproj", "{3050B887-511B-44CC-A70E-2FFE30396009}"
EndProject
Project("{2150E333-8FDC-42A3-9474-1A3956D46DE8}") = "frontend", "frontend", "{280291FE-2E3D-40B1-95D8-FB464A82C5CF}"
EndProject
Project("{9A19103F-16F7-4668-BE54-9A1E7A4F7556}") = "PasswordManagerApp", "frontend\PasswordManagerApp\PasswordManagerApp.csproj", "{CE762FA1-8E64-4E3A-A827-1B26938055A3}"
EndProject
Global
	GlobalSection(SolutionConfigurationPlatforms) = preSolution
		Debug|Any CPU = Debug|Any CPU
		Release|Any CPU = Release|Any CPU
	EndGlobalSection
	GlobalSection(ProjectConfigurationPlatforms) = postSolution
		{314524A1-C7DD-46AA-852B-190A8129851A}.Debug|Any CPU.ActiveCfg = Debug|Any CPU
		{314524A1-C7DD-46AA-852B-190A8129851A}.Debug|Any CPU.Build.0 = Debug|Any CPU
		{314524A1-C7DD-46AA-852B-190A8129851A}.Release|Any CPU.ActiveCfg = Release|Any CPU
		{314524A1-C7DD-46AA-852B-190A8129851A}.Release|Any CPU.Build.0 = Release|Any CPU
		{BFF340E7-410B-4AC8-8521-E4BB36B81E37}.Debug|Any CPU.ActiveCfg = Debug|Any CPU
		{BFF340E7-410B-4AC8-8521-E4BB36B81E37}.Debug|Any CPU.Build.0 = Debug|Any CPU
		{BFF340E7-410B-4AC8-8521-E4BB36B81E37}.Release|Any CPU.ActiveCfg = Release|Any CPU
		{BFF340E7-410B-4AC8-8521-E4BB36B81E37}.Release|Any CPU.Build.0 = Release|Any CPU
		{6841C8DB-BC6C-4994-A698-816004724952}.Debug|Any CPU.ActiveCfg = Debug|Any CPU
		{6841C8DB-BC6C-4994-A698-816004724952}.Debug|Any CPU.Build.0 = Debug|Any CPU
		{6841C8DB-BC6C-4994-A698-816004724952}.Release|Any CPU.ActiveCfg = Release|Any CPU
		{6841C8DB-BC6C-4994-A698-816004724952}.Release|Any CPU.Build.0 = Release|Any CPU
		{3050B887-511B-44CC-A70E-2FFE30396009}.Debug|Any CPU.ActiveCfg = Debug|Any CPU
		{3050B887-511B-44CC-A70E-2FFE30396009}.Debug|Any CPU.Build.0 = Debug|Any CPU
		{3050B887-511B-44CC-A70E-2FFE30396009}.Release|Any CPU.ActiveCfg = Release|Any CPU
		{3050B887-511B-44CC-A70E-2FFE30396009}.Release|Any CPU.Build.0 = Release|Any CPU
		{CE762FA1-8E64-4E3A-A827-1B26938055A3}.Debug|Any CPU.ActiveCfg = Debug|Any CPU
		{CE762FA1-8E64-4E3A-A827-1B26938055A3}.Debug|Any CPU.Build.0 = Debug|Any CPU
		{CE762FA1-8E64-4E3A-A827-1B26938055A3}.Release|Any CPU.ActiveCfg = Release|Any CPU
		{CE762FA1-8E64-4E3A-A827-1B26938055A3}.Release|Any CPU.Build.0 = Release|Any CPU
	EndGlobalSection
	GlobalSection(SolutionProperties) = preSolution
		HideSolutionNode = FALSE
	EndGlobalSection
	GlobalSection(NestedProjects) = preSolution
		{314524A1-C7DD-46AA-852B-190A8129851A} = {01072793-C64C-478B-98CA-E696FC774151}
		{BFF340E7-410B-4AC8-8521-E4BB36B81E37} = {01072793-C64C-478B-98CA-E696FC774151}
		{6841C8DB-BC6C-4994-A698-816004724952} = {01072793-C64C-478B-98CA-E696FC774151}
		{3050B887-511B-44CC-A70E-2FFE30396009} = {01072793-C64C-478B-98CA-E696FC774151}
		{CE762FA1-8E64-4E3A-A827-1B26938055A3} = {280291FE-2E3D-40B1-95D8-FB464A82C5CF}
	EndGlobalSection
	GlobalSection(ExtensibilityGlobals) = postSolution
		SolutionGuid = {FDE769F1-CC5F-47A5-BC8B-8B502D323CAE}
	EndGlobalSection
EndGlobal
